
Microsoft Visual Studio Solution File, Format Version 12.00
# Visual Studio Version 16
VisualStudioVersion = 16.0.31702.278
MinimumVisualStudioVersion = 10.0.40219.1
Project("{FAE04EC0-301F-11D3-BF4B-00C04F79EFBC}") = "Exo_Jeu_RPG", "Exo_Jeu_RPG\Exo_Jeu_RPG.csproj", "{A67E9FD3-BB30-409D-B2BD-630790153B32}"
EndProject
Global
	GlobalSection(SolutionConfigurationPlatforms) = preSolution
		Debug|Any CPU = Debug|Any CPU
		Release|Any CPU = Release|Any CPU
	EndGlobalSection
	GlobalSection(ProjectConfigurationPlatforms) = postSolution
		{A67E9FD3-BB30-409D-B2BD-630790153B32}.Debug|Any CPU.ActiveCfg = Debug|Any CPU
		{A67E9FD3-BB30-409D-B2BD-630790153B32}.Debug|Any CPU.Build.0 = Debug|Any CPU
		{A67E9FD3-BB30-409D-B2BD-630790153B32}.Release|Any CPU.ActiveCfg = Release|Any CPU
		{A67E9FD3-BB30-409D-B2BD-630790153B32}.Release|Any CPU.Build.0 = Release|Any CPU
	EndGlobalSection
	GlobalSection(SolutionProperties) = preSolution
		HideSolutionNode = FALSE
	EndGlobalSection
	GlobalSection(ExtensibilityGlobals) = postSolution
		SolutionGuid = {EBF31059-C85D-4094-8C9B-6C6DF28B868C}
	EndGlobalSection
EndGlobal
